
Microsoft Visual Studio Solution File, Format Version 12.00
# Visual Studio Version 17
VisualStudioVersion = 17.9.34616.47
MinimumVisualStudioVersion = 10.0.40219.1
Project("{FAE04EC0-301F-11D3-BF4B-00C04F79EFBC}") = "Assesment_DotNetCore", "Assesment_DotNetCore\Assesment_DotNetCore.csproj", "{CE125928-6219-49A0-BBF2-28FAA7EB128F}"
EndProject
Global
	GlobalSection(SolutionConfigurationPlatforms) = preSolution
		Debug|Any CPU = Debug|Any CPU
		Release|Any CPU = Release|Any CPU
	EndGlobalSection
	GlobalSection(ProjectConfigurationPlatforms) = postSolution
		{CE125928-6219-49A0-BBF2-28FAA7EB128F}.Debug|Any CPU.ActiveCfg = Debug|Any CPU
		{CE125928-6219-49A0-BBF2-28FAA7EB128F}.Debug|Any CPU.Build.0 = Debug|Any CPU
		{CE125928-6219-49A0-BBF2-28FAA7EB128F}.Release|Any CPU.ActiveCfg = Release|Any CPU
		{CE125928-6219-49A0-BBF2-28FAA7EB128F}.Release|Any CPU.Build.0 = Release|Any CPU
	EndGlobalSection
	GlobalSection(SolutionProperties) = preSolution
		HideSolutionNode = FALSE
	EndGlobalSection
	GlobalSection(ExtensibilityGlobals) = postSolution
		SolutionGuid = {51B0DD67-6155-4D1C-BBB4-C020E687FB0D}
	EndGlobalSection
EndGlobal
