
Microsoft Visual Studio Solution File, Format Version 12.00
# Visual Studio Version 17
VisualStudioVersion = 17.9.34616.47
MinimumVisualStudioVersion = 10.0.40219.1
Project("{FAE04EC0-301F-11D3-BF4B-00C04F79EFBC}") = "Validation", "Validation\Validation.csproj", "{B2299829-85CF-47D7-993A-20E3F764FD2A}"
EndProject
Global
	GlobalSection(SolutionConfigurationPlatforms) = preSolution
		Debug|Any CPU = Debug|Any CPU
		Release|Any CPU = Release|Any CPU
	EndGlobalSection
	GlobalSection(ProjectConfigurationPlatforms) = postSolution
		{B2299829-85CF-47D7-993A-20E3F764FD2A}.Debug|Any CPU.ActiveCfg = Debug|Any CPU
		{B2299829-85CF-47D7-993A-20E3F764FD2A}.Debug|Any CPU.Build.0 = Debug|Any CPU
		{B2299829-85CF-47D7-993A-20E3F764FD2A}.Release|Any CPU.ActiveCfg = Release|Any CPU
		{B2299829-85CF-47D7-993A-20E3F764FD2A}.Release|Any CPU.Build.0 = Release|Any CPU
	EndGlobalSection
	GlobalSection(SolutionProperties) = preSolution
		HideSolutionNode = FALSE
	EndGlobalSection
	GlobalSection(ExtensibilityGlobals) = postSolution
		SolutionGuid = {86A8DC30-C981-4326-A67D-4B0423ECCA62}
	EndGlobalSection
EndGlobal
